
Microsoft Visual Studio Solution File, Format Version 12.00
# Visual Studio Version 17
VisualStudioVersion = 17.9.34622.214
MinimumVisualStudioVersion = 10.0.40219.1
Project("{FAE04EC0-301F-11D3-BF4B-00C04F79EFBC}") = "ServerManagement", "ServerManagement\ServerManagement.csproj", "{DF00A8DA-3CFF-4A26-8ED0-8F0A81132928}"
EndProject
Global
	GlobalSection(SolutionConfigurationPlatforms) = preSolution
		Debug|Any CPU = Debug|Any CPU
		Release|Any CPU = Release|Any CPU
	EndGlobalSection
	GlobalSection(ProjectConfigurationPlatforms) = postSolution
		{DF00A8DA-3CFF-4A26-8ED0-8F0A81132928}.Debug|Any CPU.ActiveCfg = Debug|Any CPU
		{DF00A8DA-3CFF-4A26-8ED0-8F0A81132928}.Debug|Any CPU.Build.0 = Debug|Any CPU
		{DF00A8DA-3CFF-4A26-8ED0-8F0A81132928}.Release|Any CPU.ActiveCfg = Release|Any CPU
		{DF00A8DA-3CFF-4A26-8ED0-8F0A81132928}.Release|Any CPU.Build.0 = Release|Any CPU
	EndGlobalSection
	GlobalSection(SolutionProperties) = preSolution
		HideSolutionNode = FALSE
	EndGlobalSection
	GlobalSection(ExtensibilityGlobals) = postSolution
		SolutionGuid = {32EA15F1-9693-4E61-A27D-4C90E9BD1358}
	EndGlobalSection
EndGlobal
